<?xml version="1.0" encoding="utf-8"?>
<Project ToolsVersion="4.0" xmlns="http://schemas.microsoft.com/developer/msbuild/2003">
  <ItemGroup>
    <Filter Include="config">
      <UniqueIdentifier>{169813a9-d19f-460a-a5c6-24b232147a25}</UniqueIdentifier>
    </Filter>
    <Filter Include="engine">
      <UniqueIdentifier>{c5029fa5-cfde-4fc3-9ed3-e51ebfcbb079}</UniqueIdentifier>
    </Filter>
    <Filter Include="state">
      <UniqueIdentifier>{4c3c0f5d-23da-47de-8a79-1ec3b3b9008c}</UniqueIdentifier>
    </Filter>
    <Filter Include="entities">
      <UniqueIdentifier>{e8634c8e-a7f1-410d-ab97-8b7b6bf86da2}</UniqueIdentifier>
    </Filter>
    <Filter Include="resources">
      <UniqueIdentifier>{720cafb1-29c7-4d55-b2e5-e84cce5e505d}</UniqueIdentifier>
    </Filter>
    <Filter Include="resources\fonts">
      <UniqueIdentifier>{54db7189-e308-4da2-8016-043220b5d2ce}</UniqueIdentifier>
    </Filter>
    <Filter Include="resources\button">
      <UniqueIdentifier>{580e5766-030a-481e-88e0-8d0f1d2cfcde}</UniqueIdentifier>
    </Filter>
    <Filter Include="resources\shape">
      <UniqueIdentifier>{14fb2023-35e9-458d-afa2-42528c9125c3}</UniqueIdentifier>
    </Filter>
    <Filter Include="resources\images">
      <UniqueIdentifier>{5f23316a-bde8-4bc7-8ef9-167dfecc3cf0}</UniqueIdentifier>
    </Filter>
    <Filter Include="resources\images\backgrounds">
      <UniqueIdentifier>{32187c4a-4d19-4543-855f-d76e429dbf35}</UniqueIdentifier>
    </Filter>
    <Filter Include="resources\images\sprites">
      <UniqueIdentifier>{e94e998e-36f7-43ab-89d2-c809aa145938}</UniqueIdentifier>
    </Filter>
    <Filter Include="resources\images\sprites\player">
      <UniqueIdentifier>{815f4c33-8f6e-4b8f-8ab7-bf7615c239a1}</UniqueIdentifier>
    </Filter>
  </ItemGroup>
  <ItemGroup>
    <None Include="config\window.ini">
      <Filter>config</Filter>
    </None>
    <None Include="config\supported_keys.ini">
      <Filter>config</Filter>
    </None>
    <None Include="config\gamestate_keys.ini">
      <Filter>config</Filter>
    </None>
    <None Include="config\mainmenu_keys.ini">
      <Filter>config</Filter>
    </None>
  </ItemGroup>
  <ItemGroup>
    <ClCompile Include="BattleCityGameProject.cpp" />
    <ClCompile Include="engine\Game.cpp">
      <Filter>engine</Filter>
    </ClCompile>
    <ClCompile Include="state\State.cpp">
      <Filter>state</Filter>
    </ClCompile>
    <ClCompile Include="state\GameState.cpp">
      <Filter>state</Filter>
    </ClCompile>
    <ClCompile Include="entities\Entity.cpp">
      <Filter>entities</Filter>
    </ClCompile>
    <ClCompile Include="state\MainMenu.cpp">
      <Filter>state</Filter>
    </ClCompile>
    <ClCompile Include="resources\button\Button.cpp">
      <Filter>resources\button</Filter>
    </ClCompile>
    <ClCompile Include="resources\shape\RoundRectangleShape.cpp">
      <Filter>resources\shape</Filter>
    </ClCompile>
    <ClCompile Include="entities\Player.cpp">
      <Filter>entities</Filter>
    </ClCompile>
  </ItemGroup>
  <ItemGroup>
    <ClInclude Include="engine\Game.h">
      <Filter>engine</Filter>
    </ClInclude>
    <ClInclude Include="entities\Entity.h">
      <Filter>entities</Filter>
    </ClInclude>
    <ClInclude Include="state\GameState.h">
      <Filter>state</Filter>
    </ClInclude>
    <ClInclude Include="state\MainMenu.h">
      <Filter>state</Filter>
    </ClInclude>
    <ClInclude Include="state\State.h">
      <Filter>state</Filter>
    </ClInclude>
    <ClInclude Include="resources\button\Button.h">
      <Filter>resources\button</Filter>
    </ClInclude>
    <ClInclude Include="resources\shape\RoundRectangleShape.h">
      <Filter>resources\shape</Filter>
    </ClInclude>
    <ClInclude Include="entities\Player.h">
      <Filter>entities</Filter>
    </ClInclude>
  </ItemGroup>
  <ItemGroup>
    <Font Include="resources\fonts\ARCADECLASSIC.TTF">
      <Filter>resources\fonts</Filter>
    </Font>
  </ItemGroup>
  <ItemGroup>
    <Image Include="resources\images\background\mainmenu_background.png">
      <Filter>resources\images\backgrounds</Filter>
    </Image>
    <Image Include="resources\sprites\player\test.png">
      <Filter>resources\images\sprites\player</Filter>
    </Image>
  </ItemGroup>
</Project>