<?xml version="1.0" encoding="utf-8"?>
<Project ToolsVersion="4.0" xmlns="http://schemas.microsoft.com/developer/msbuild/2003">
  <ItemGroup>
    <Filter Include="config">
      <UniqueIdentifier>{169813a9-d19f-460a-a5c6-24b232147a25}</UniqueIdentifier>
    </Filter>
    <Filter Include="engine">
      <UniqueIdentifier>{c5029fa5-cfde-4fc3-9ed3-e51ebfcbb079}</UniqueIdentifier>
    </Filter>
    <Filter Include="state">
      <UniqueIdentifier>{4c3c0f5d-23da-47de-8a79-1ec3b3b9008c}</UniqueIdentifier>
    </Filter>
    <Filter Include="entities">
      <UniqueIdentifier>{e8634c8e-a7f1-410d-ab97-8b7b6bf86da2}</UniqueIdentifier>
    </Filter>
  </ItemGroup>
  <ItemGroup>
    <None Include="config\window.ini">
      <Filter>config</Filter>
    </None>
  </ItemGroup>
  <ItemGroup>
    <ClCompile Include="BattleCityGameProject.cpp" />
    <ClCompile Include="engine\Game.cpp">
      <Filter>engine</Filter>
    </ClCompile>
    <ClCompile Include="state\State.cpp">
      <Filter>state</Filter>
    </ClCompile>
    <ClCompile Include="state\GameState.cpp">
      <Filter>state</Filter>
    </ClCompile>
    <ClCompile Include="entities\Entity.cpp">
      <Filter>entities</Filter>
    </ClCompile>
    <ClCompile Include="state\MainMenu.cpp">
      <Filter>state</Filter>
    </ClCompile>
  </ItemGroup>
  <ItemGroup>
    <ClInclude Include="engine\Game.h">
      <Filter>engine</Filter>
    </ClInclude>
    <ClInclude Include="entities\Entity.h">
      <Filter>entities</Filter>
    </ClInclude>
    <ClInclude Include="state\GameState.h">
      <Filter>state</Filter>
    </ClInclude>
    <ClInclude Include="state\MainMenu.h">
      <Filter>state</Filter>
    </ClInclude>
    <ClInclude Include="state\State.h">
      <Filter>state</Filter>
    </ClInclude>
  </ItemGroup>
</Project>